
Microsoft Visual Studio Solution File, Format Version 12.00
# Visual Studio Version 16
VisualStudioVersion = 16.0.30011.22
MinimumVisualStudioVersion = 10.0.40219.1
Project("{FAE04EC0-301F-11D3-BF4B-00C04F79EFBC}") = "T3_actividad_6", "T3_actividad_6\T3_actividad_6.csproj", "{B7E87549-8503-4CFA-83A9-8D32E5814613}"
EndProject
Global
	GlobalSection(SolutionConfigurationPlatforms) = preSolution
		Debug|Any CPU = Debug|Any CPU
		Release|Any CPU = Release|Any CPU
	EndGlobalSection
	GlobalSection(ProjectConfigurationPlatforms) = postSolution
		{B7E87549-8503-4CFA-83A9-8D32E5814613}.Debug|Any CPU.ActiveCfg = Debug|Any CPU
		{B7E87549-8503-4CFA-83A9-8D32E5814613}.Debug|Any CPU.Build.0 = Debug|Any CPU
		{B7E87549-8503-4CFA-83A9-8D32E5814613}.Release|Any CPU.ActiveCfg = Release|Any CPU
		{B7E87549-8503-4CFA-83A9-8D32E5814613}.Release|Any CPU.Build.0 = Release|Any CPU
	EndGlobalSection
	GlobalSection(SolutionProperties) = preSolution
		HideSolutionNode = FALSE
	EndGlobalSection
	GlobalSection(ExtensibilityGlobals) = postSolution
		SolutionGuid = {5A99861D-595D-4D0E-8F5D-4AFE4E6E6BCE}
	EndGlobalSection
EndGlobal
